{
  "version": "5",
  "specifiers": {
    "jsr:@deno/loader@0.5": "0.5.0",
    "jsr:@kuboon/browser-how-to@0.1": "0.1.0",
    "jsr:@kuboon/dpop@0.2": "0.2.0",
    "jsr:@panva/jose@^6.2.3": "6.2.12",
    "jsr:@remix-kbn/assets-deno@0.8": "0.8.0",
    "jsr:@remix-kbn/data-table-sqlite-turso@0.5": "0.5.0",
    "jsr:@std/assert@^1.0.19": "1.0.19",
    "jsr:@std/encoding@1.0.10": "1.0.10",
    "jsr:@std/fs@^1.0.24": "1.0.24",
    "jsr:@std/internal@^1.0.12": "1.0.14",
    "jsr:@std/internal@^1.0.14": "1.0.14",
    "jsr:@std/path@^1.1.5": "1.1.6",
    "npm:@libsql/client@~0.17.4": "0.17.4",
    "npm:@remix-run/cookie@0.7": "0.7.0",
    "npm:@remix-run/data-table@0.6": "0.6.0",
    "npm:@remix-run/fetch-router@~0.22.1": "0.22.1",
    "npm:@remix-run/render-middleware@~0.3.1": "0.3.1_@emnapi+core@1.11.2_@emnapi+runtime@1.11.2",
    "npm:@remix-run/ui@0.10": "0.10.0",
    "npm:canvaskit-wasm@0.40": "0.40.0",
    "npm:cjs-module-lexer@^2.2.1": "2.2.1",
    "npm:es-module-lexer@^2.3.2": "2.3.2"
  },
  "jsr": {
    "@deno/loader@0.5.0": {
      "integrity": "a6d94408de5e6bacac404f8f6963c8b8cc278cfd1a878aa2f06b34a083d6bfee"
    },
    "@kuboon/browser-how-to@0.1.0": {
      "integrity": "d8aa160f10b7b1e1c0be61d1c841aa25087c9488d8741e05478f8f40fbea535a"
    },
    "@kuboon/dpop@0.2.0": {
      "integrity": "df4fcec89be1f125a8934147149303ee0d9dadf6d2bd2d9aa829e0eb182d25aa",
      "dependencies": [
        "jsr:@std/encoding"
      ]
    },
    "@panva/jose@6.2.12": {
      "integrity": "45dd3888cff0c45dbd91ca5279f7fd4324227042d19df91504aa2c0678b3edcc"
    },
    "@remix-kbn/assets-deno@0.8.0": {
      "integrity": "10a28591c2f775a370e7353989cc4d12e702a9df0f9e953c6e01ec83a64ce706",
      "dependencies": [
        "jsr:@deno/loader",
        "jsr:@std/fs",
        "npm:cjs-module-lexer",
        "npm:es-module-lexer"
      ]
    },
    "@remix-kbn/data-table-sqlite-turso@0.5.0": {
      "integrity": "3aabc9c146a5bee722cbcb24431f70638f1917df1335edc3a0d08e9cad200a12",
      "dependencies": [
        "npm:@libsql/client",
        "npm:@remix-run/data-table"
      ]
    },
    "@std/assert@1.0.19": {
      "integrity": "eaada96ee120cb980bc47e040f82814d786fe8162ecc53c91d8df60b8755991e",
      "dependencies": [
        "jsr:@std/internal@^1.0.12"
      ]
    },
    "@std/encoding@1.0.10": {
      "integrity": "8783c6384a2d13abd5e9e87a7ae0520a30e9f56aeeaa3bdf910a3eaaf5c811a1"
    },
    "@std/fs@1.0.24": {
      "integrity": "f3061b45b81673a2bece689da041df32d174be064c89eb6397fb5718d3fb7877",
      "dependencies": [
        "jsr:@std/internal@^1.0.14",
        "jsr:@std/path"
      ]
    },
    "@std/internal@1.0.14": {
      "integrity": "291516b3d4c35024d6ffbc0a9df5bf4c64116e05b50012cf846710152d2ffdf7"
    },
    "@std/path@1.1.6": {
      "integrity": "c68485c2a4dfbb5ae3cc74fae4e8c4e5d874cf8a8ed12927917235c758b46cbe",
      "dependencies": [
        "jsr:@std/internal@^1.0.14"
      ]
    }
  },
  "npm": {
    "@emnapi/core@1.11.2": {
      "integrity": "sha512-TC8MkTuZUtcTSiFeuC0ksCh9QIJ5+F21MvZ4Wn4ORfYaFJ/0dsiudv5tVkejgwZlwQ39jL9WWDe2lz8x0WglOA==",
      "dependencies": [
        "@emnapi/wasi-threads",
        "tslib"
      ]
    },
    "@emnapi/runtime@1.11.2": {
      "integrity": "sha512-kyOl3X0DuTiT1h2ft8r2fYO8JYtU9a9Xis/zBSiGArNaagCOWx90N1k2wxp18czFDH+OgcWGb5ZP/XMt3dcyPA==",
      "dependencies": [
        "tslib"
      ]
    },
    "@emnapi/wasi-threads@1.2.2": {
      "integrity": "sha512-c95qOXkHdydNKhscBTebqEC1CVAZpyqOfVfBzQ1qgzyl3gfeldUjIggDbIZgDKsHLgnsM+igH7TJ/eAasaVuMA==",
      "dependencies": [
        "tslib"
      ]
    },
    "@jridgewell/sourcemap-codec@1.6.0": {
      "integrity": "sha512-T7jf+5zgsZHwNJ4lvQ7/aezbyk0nNX+zJVWpmHA7VYsEx7a7qr5Rg5IbtJFqkgze5Y2sruq1RUY8Q837Od7iFw=="
    },
    "@libsql/client@0.17.4": {
      "integrity": "sha512-lYayFWasDV78A+TjlEhr6ubb3odBV6OHjb+wdp8VQcyWWAEIjuwbCHaraEUS4m4yWoo0BvZo96It4VdzZRmRWw==",
      "dependencies": [
        "@libsql/core",
        "@libsql/hrana-client",
        "js-base64",
        "libsql",
        "promise-limit"
      ]
    },
    "@libsql/core@0.17.4": {
      "integrity": "sha512-LqF9gIvnJ38nmAH1y/ChizHqDO/MO1wLgA96XrraulEEbqXxLjleSH92YWTolbuJKgPUmGu4aJk9W3UnAcxLOQ==",
      "dependencies": [
        "js-base64"
      ]
    },
    "@libsql/darwin-arm64@0.5.29": {
      "integrity": "sha512-K+2RIB1OGFPYQbfay48GakLhqf3ArcbHqPFu7EZiaUcRgFcdw8RoltsMyvbj5ix2fY0HV3Q3Ioa/ByvQdaSM0A==",
      "os": ["darwin"],
      "cpu": ["arm64"]
    },
    "@libsql/darwin-x64@0.5.29": {
      "integrity": "sha512-OtT+KFHsKFy1R5FVadr8FJ2Bb1mghtXTyJkxv0trocq7NuHntSki1eUbxpO5ezJesDvBlqFjnWaYYY516QNLhQ==",
      "os": ["darwin"],
      "cpu": ["x64"]
    },
    "@libsql/hrana-client@0.10.0": {
      "integrity": "sha512-OoA4EMqRAC7kn7V2P6EQqRcpZf2W+AjsNIyCizBg339Tq/aMC7sRnzs3SklderhmQWAqEzvv8A2vhxVmWpkVvw==",
      "dependencies": [
        "@libsql/isomorphic-ws",
        "js-base64"
      ]
    },
    "@libsql/isomorphic-ws@0.1.5": {
      "integrity": "sha512-DtLWIH29onUYR00i0GlQ3UdcTRC6EP4u9w/h9LxpUZJWRMARk6dQwZ6Jkd+QdwVpuAOrdxt18v0K2uIYR3fwFg==",
      "dependencies": [
        "@types/ws",
        "ws"
      ]
    },
    "@libsql/linux-arm-gnueabihf@0.5.29": {
      "integrity": "sha512-CD4n4zj7SJTHso4nf5cuMoWoMSS7asn5hHygsDuhRl8jjjCTT3yE+xdUvI4J7zsyb53VO5ISh4cwwOtf6k2UhQ==",
      "os": ["linux"],
      "cpu": ["arm"]
    },
    "@libsql/linux-arm-musleabihf@0.5.29": {
      "integrity": "sha512-2Z9qBVpEJV7OeflzIR3+l5yAd4uTOLxklScYTwpZnkm2vDSGlC1PRlueLaufc4EFITkLKXK2MWBpexuNJfMVcg==",
      "os": ["linux"],
      "cpu": ["arm"]
    },
    "@libsql/linux-arm64-gnu@0.5.29": {
      "integrity": "sha512-gURBqaiXIGGwFNEaUj8Ldk7Hps4STtG+31aEidCk5evMMdtsdfL3HPCpvys+ZF/tkOs2MWlRWoSq7SOuCE9k3w==",
      "os": ["linux"],
      "cpu": ["arm64"]
    },
    "@libsql/linux-arm64-musl@0.5.29": {
      "integrity": "sha512-fwgYZ0H8mUkyVqXZHF3mT/92iIh1N94Owi/f66cPVNsk9BdGKq5gVpoKO+7UxaNzuEH1roJp2QEwsCZMvBLpqg==",
      "os": ["linux"],
      "cpu": ["arm64"]
    },
    "@libsql/linux-x64-gnu@0.5.29": {
      "integrity": "sha512-y14V0vY0nmMC6G0pHeJcEarcnGU2H6cm21ZceRkacWHvQAEhAG0latQkCtoS2njFOXiYIg+JYPfAoWKbi82rkg==",
      "os": ["linux"],
      "cpu": ["x64"]
    },
    "@libsql/linux-x64-musl@0.5.29": {
      "integrity": "sha512-gquqwA/39tH4pFl+J9n3SOMSymjX+6kZ3kWgY3b94nXFTwac9bnFNMffIomgvlFaC4ArVqMnOZD3nuJ3H3VO1w==",
      "os": ["linux"],
      "cpu": ["x64"]
    },
    "@libsql/win32-x64-msvc@0.5.29": {
      "integrity": "sha512-4/0CvEdhi6+KjMxMaVbFM2n2Z44escBRoEYpR+gZg64DdetzGnYm8mcNLcoySaDJZNaBd6wz5DNdgRmcI4hXcg==",
      "os": ["win32"],
      "cpu": ["x64"]
    },
    "@napi-rs/wasm-runtime@1.2.4_@emnapi+core@1.11.2_@emnapi+runtime@1.11.2": {
      "integrity": "sha512-AJxoUD2/15ESHbvpcyjU274nsAPLuOtPHCk0vKJM5pj//Fg/B1FXNWjPnXTT9PymCYYiHo4zPj0ZomXBKhoy7g==",
      "dependencies": [
        "@emnapi/core",
        "@emnapi/runtime",
        "@tybys/wasm-util"
      ]
    },
    "@neon-rs/load@0.0.4": {
      "integrity": "sha512-kTPhdZyTQxB+2wpiRcFWrDcejc4JI6tkPuS7UZCG4l6Zvc5kU/gGQ/ozvHTh1XR5tS+UlfAfGuPajjzQjCiHCw=="
    },
    "@oxc-minify/binding-android-arm-eabi@0.121.0": {
      "integrity": "sha512-RcQXLj3JLLVm41n80/6+7OUion2PSQWOH5EUvlD9kCWSF1fWLXCNX1A6t/+nFNjeyaCXZ3YbIWwCTiGXhxxHEw==",
      "os": ["android"],
      "cpu": ["arm"]
    },
    "@oxc-minify/binding-android-arm64@0.121.0": {
      "integrity": "sha512-VnFvB9DgADWpgwQb6LmeRv302xwdgpD/45WlQNWI380YUgWVXmhoZoNOgnaCSbuFEz+ElQDb/iE2U2LADkfu8w==",
      "os": ["android"],
      "cpu": ["arm64"]
    },
    "@oxc-minify/binding-darwin-arm64@0.121.0": {
      "integrity": "sha512-0EKcroW5oMgJ27DOUWD724nQmLhV1PLArkXW5F4t7cUoRZy81OlFMqS97AOWIrQPlNPaC/1MYfCtIoZIW8OElQ==",
      "os": ["darwin"],
      "cpu": ["arm64"]
    },
    "@oxc-minify/binding-darwin-x64@0.121.0": {
      "integrity": "sha512-DvsiLCZQ7KvufItkGuU45ovM4paB99M3/J5ZqpzjSnHpyFmcWUx19gwG9RTDOmHHA+7TPCq3b02aQoCiX6xiaA==",
      "os": ["darwin"],
      "cpu": ["x64"]
    },
    "@oxc-minify/binding-freebsd-x64@0.121.0": {
      "integrity": "sha512-b+ngbloTvuei3HxfOz6nCwWkIl8dhgp42W1TREBUVRRe80iKe4bclrpZHxacFQYmVZ/bDjIV7ePPRSCSKM93RA==",
      "os": ["freebsd"],
      "cpu": ["x64"]
    },
    "@oxc-minify/binding-linux-arm-gnueabihf@0.121.0": {
      "integrity": "sha512-Vj1xJ46zDTJlnF4UQgAVqX4xb2uv6hpmtHkypCMiaNbuop7bJ+VbqSfs7SCKvg23fygK530XTUxr+A7YDbkEzQ==",
      "os": ["linux"],
      "cpu": ["arm"]
    },
    "@oxc-minify/binding-linux-arm-musleabihf@0.121.0": {
      "integrity": "sha512-lVhZ/y6Piqi+TlM+VB3UdRWWtqm7ks2He5VrYmZfO0a8A/wBE7KTpIK+RoUFGW3ii3wr4Hc8AEWZNEjU4fs38Q==",
      "os": ["linux"],
      "cpu": ["arm"]
    },
    "@oxc-minify/binding-linux-arm64-gnu@0.121.0": {
      "integrity": "sha512-FMEtjwWKVRehcs4ebsmM8nj7F7/kVH54dcFZodNFsk1iUsVdqPrOWhzanMcU55AYrGmXHeKFx7PlrimDOz2ZdA==",
      "os": ["linux"],
      "cpu": ["arm64"]
    },
    "@oxc-minify/binding-linux-arm64-musl@0.121.0": {
      "integrity": "sha512-ZFCqQWU7TP4oCiu9q0q9xg1wg78Et4bRSCv9LzMAn/N9zJezPa+u3kVqKXkQnvAgrA7fBo9VPSaEx0XMpXsPhA==",
      "os": ["linux"],
      "cpu": ["arm64"]
    },
    "@oxc-minify/binding-linux-ppc64-gnu@0.121.0": {
      "integrity": "sha512-WSV2TNT7a6wfwfWHHvpaOoHVKwB0tKyJpMjj3P401k8tFEZpH/xNqDNofdvXQznKqJ3nyYxIC4llvNGCXUtTzQ==",
      "os": ["linux"],
      "cpu": ["ppc64"]
    },
    "@oxc-minify/binding-linux-riscv64-gnu@0.121.0": {
      "integrity": "sha512-hTToDA4mEd4P4HdwnmULtyyWP6CsNwuxdiToGZ5LjQvznpF5acRi9KEAqF8zmNXQ9r1RbrbGbYHATfRWogEbfw==",
      "os": ["linux"],
      "cpu": ["riscv64"]
    },
    "@oxc-minify/binding-linux-riscv64-musl@0.121.0": {
      "integrity": "sha512-zhgxjY8IkVZ2MpuElCiK37DjEwX2uk9r7fawRh0J4yjkYWVQR5kmmMEo5oMPbBMtri61vnSiqLZmD25cTFP1vw==",
      "os": ["linux"],
      "cpu": ["riscv64"]
    },
    "@oxc-minify/binding-linux-s390x-gnu@0.121.0": {
      "integrity": "sha512-YruvsabXqUdhtfe9Qjv2F1tb0u1PqqNBnf0jFhC8K4qJLctgveH/2rBYE8WAqdahxfdR59ByFZd0u6dqwDCKPg==",
      "os": ["linux"],
      "cpu": ["s390x"]
    },
    "@oxc-minify/binding-linux-x64-gnu@0.121.0": {
      "integrity": "sha512-OOUpoGKeGN6D9bP9dr2lczK3SgOFeMLFiJuldPxOcY21VAxlemEiTPFTPXp4VWzw65sy3bCx0k8R6wyE8TA3EQ==",
      "os": ["linux"],
      "cpu": ["x64"]
    },
    "@oxc-minify/binding-linux-x64-musl@0.121.0": {
      "integrity": "sha512-ixdrFcKUdRXsavlAe+ttKQHtR6nUyXSrCjLTkB4eiy8U/5f5A1BQXAKDdw9rUNoPkLc4vrKohG8frI0pjg7S6g==",
      "os": ["linux"],
      "cpu": ["x64"]
    },
    "@oxc-minify/binding-openharmony-arm64@0.121.0": {
      "integrity": "sha512-P52luYhm78qAPjACwHEMWJQag4hgX3InczjXazLqSWJPf5ismBWDmrSiccVWi2B6nPGSuYd4YQVR3j0h2IELyA==",
      "os": ["openharmony"],
      "cpu": ["arm64"]
    },
    "@oxc-minify/binding-wasm32-wasi@0.121.0_@emnapi+core@1.11.2_@emnapi+runtime@1.11.2": {
      "integrity": "sha512-1XDHPrAJa6W8dGqaDnlt+0k5In5JzGE0EOI87cJnOkSGsUAb1Sk8mKNhUe3/PuGiBDDat8eZ0wlq/VcUeOmsoA==",
      "dependencies": [
        "@napi-rs/wasm-runtime"
      ],
      "cpu": ["wasm32"]
    },
    "@oxc-minify/binding-win32-arm64-msvc@0.121.0": {
      "integrity": "sha512-FvUEX7eTfSh1OBB+/AGSWhkNX/8jPFGM2jvMwrrAZ5vj8kTtnETNTkJdkkPMUEiIEVupxoARKc5UFU2/k+3THw==",
      "os": ["win32"],
      "cpu": ["arm64"]
    },
    "@oxc-minify/binding-win32-ia32-msvc@0.121.0": {
      "integrity": "sha512-ZNcMq+yy9QBgekrBP/NxTD4RW1sZKHOWO+aH5SgqRvfU035Bldvns7zHC8VdaY4Sz3PcaChfmSeapfUoUGqT5w==",
      "os": ["win32"],
      "cpu": ["ia32"]
    },
    "@oxc-minify/binding-win32-x64-msvc@0.121.0": {
      "integrity": "sha512-/0qRGvYnBVhzwSXHcJ6sF+2rb2QpotbJeAr1wmADgq/hm7JjdRukktngmwXQuIILmC+UELYLoVpa0PTBoEqwrg==",
      "os": ["win32"],
      "cpu": ["x64"]
    },
    "@oxc-parser/binding-android-arm-eabi@0.121.0": {
      "integrity": "sha512-n07FQcySwOlzap424/PLMtOkbS7xOu8nsJduKL8P3COGHKgKoDYXwoAHCbChfgFpHnviehrLWIPX0lKGtbEk/A==",
      "os": ["android"],
      "cpu": ["arm"]
    },
    "@oxc-parser/binding-android-arm64@0.121.0": {
      "integrity": "sha512-/Dd1xIXboYAicw+twT2utxPD7bL8qh7d3ej0qvaYIMj3/EgIrGR+tSnjCUkiCT6g6uTC0neSS4JY8LxhdSU/sA==",
      "os": ["android"],
      "cpu": ["arm64"]
    },
    "@oxc-parser/binding-darwin-arm64@0.121.0": {
      "integrity": "sha512-A0jNEvv7QMtCO1yk205t3DWU9sWUjQ2KNF0hSVO5W9R9r/R1BIvzG01UQAfmtC0dQm7sCrs5puixurKSfr2bRQ==",
      "os": ["darwin"],
      "cpu": ["arm64"]
    },
    "@oxc-parser/binding-darwin-x64@0.121.0": {
      "integrity": "sha512-SsHzipdxTKUs3I9EOAPmnIimEeJOemqRlRDOp9LIj+96wtxZejF51gNibmoGq8KoqbT1ssAI5po/E3J+vEtXGA==",
      "os": ["darwin"],
      "cpu": ["x64"]
    },
    "@oxc-parser/binding-freebsd-x64@0.121.0": {
      "integrity": "sha512-v1APOTkCp+RWOIDAHRoaeW/UoaHF15a60E8eUL6kUQXh+i4K7PBwq2Wi7jm8p0ymID5/m/oC1w3W31Z/+r7HQw==",
      "os": ["freebsd"],
      "cpu": ["x64"]
    },
    "@oxc-parser/binding-linux-arm-gnueabihf@0.121.0": {
      "integrity": "sha512-PmqPQuqHZyFVWA4ycr0eu4VnTMmq9laOHZd+8R359w6kzuNZPvmmunmNJ8ybkm769A0nCoVp3TJ6dUz7B3FYIQ==",
      "os": ["linux"],
      "cpu": ["arm"]
    },
    "@oxc-parser/binding-linux-arm-musleabihf@0.121.0": {
      "integrity": "sha512-vF24htj+MOH+Q7y9A8NuC6pUZu8t/C2Fr/kDOi2OcNf28oogr2xadBPXAbml802E8wRAVfbta6YLDQTearz+jw==",
      "os": ["linux"],
      "cpu": ["arm"]
    },
    "@oxc-parser/binding-linux-arm64-gnu@0.121.0": {
      "integrity": "sha512-wjH8cIG2Lu/3d64iZpbYr73hREMgKAfu7fqpXjgM2S16y2zhTfDIp8EQjxO8vlDtKP5Rc7waZW72lh8nZtWrpA==",
      "os": ["linux"],
      "cpu": ["arm64"]
    },
    "@oxc-parser/binding-linux-arm64-musl@0.121.0": {
      "integrity": "sha512-qT663J/W8yQFw3dtscbEi9LKJevr20V7uWs2MPGTnvNZ3rm8anhhE16gXGpxDOHeg9raySaSHKhd4IGa3YZvuw==",
      "os": ["linux"],
      "cpu": ["arm64"]
    },
    "@oxc-parser/binding-linux-ppc64-gnu@0.121.0": {
      "integrity": "sha512-mYNe4NhVvDBbPkAP8JaVS8lC1dsoJZWH5WCjpw5E+sjhk1R08wt3NnXYUzum7tIiWPfgQxbCMcoxgeemFASbRw==",
      "os": ["linux"],
      "cpu": ["ppc64"]
    },
    "@oxc-parser/binding-linux-riscv64-gnu@0.121.0": {
      "integrity": "sha512-+QiFoGxhAbaI/amqX567784cDyyuZIpinBrJNxUzb+/L2aBRX67mN6Jv40pqduHf15yYByI+K5gUEygCuv0z9w==",
      "os": ["linux"],
      "cpu": ["riscv64"]
    },
    "@oxc-parser/binding-linux-riscv64-musl@0.121.0": {
      "integrity": "sha512-9ykEgyTa5JD/Uhv2sttbKnCfl2PieUfOjyxJC/oDL2UO0qtXOtjPLl7H8Kaj5G7p3hIvFgu3YWvAxvE0sqY+hQ==",
      "os": ["linux"],
      "cpu": ["riscv64"]
    },
    "@oxc-parser/binding-linux-s390x-gnu@0.121.0": {
      "integrity": "sha512-DB1EW5VHZdc1lIRjOI3bW/wV6R6y0xlfvdVrqj6kKi7Ayu2U3UqUBdq9KviVkcUGd5Oq+dROqvUEEFRXGAM7EQ==",
      "os": ["linux"],
      "cpu": ["s390x"]
    },
    "@oxc-parser/binding-linux-x64-gnu@0.121.0": {
      "integrity": "sha512-s4lfobX9p4kPTclvMiH3gcQUd88VlnkMTF6n2MTMDAyX5FPNRhhRSFZK05Ykhf8Zy5NibV4PbGR6DnK7FGNN6A==",
      "os": ["linux"],
      "cpu": ["x64"]
    },
    "@oxc-parser/binding-linux-x64-musl@0.121.0": {
      "integrity": "sha512-P9KlyTpuBuMi3NRGpJO8MicuGZfOoqZVRP1WjOecwx8yk4L/+mrCRNc5egSi0byhuReblBF2oVoDSMgV9Bj4Hw==",
      "os": ["linux"],
      "cpu": ["x64"]
    },
    "@oxc-parser/binding-openharmony-arm64@0.121.0": {
      "integrity": "sha512-R+4jrWOfF2OAPPhj3Eb3U5CaKNAH9/btMveMULIrcNW/hjfysFQlF8wE0GaVBr81dWz8JLgQlsxwctoL78JwXw==",
      "os": ["openharmony"],
      "cpu": ["arm64"]
    },
    "@oxc-parser/binding-wasm32-wasi@0.121.0_@emnapi+core@1.11.2_@emnapi+runtime@1.11.2": {
      "integrity": "sha512-5TFISkPTymKvsmIlKasPVTPuWxzCcrT8pM+p77+mtQbIZDd1UC8zww4CJcRI46kolmgrEX6QpKO8AvWMVZ+ifw==",
      "dependencies": [
        "@napi-rs/wasm-runtime"
      ],
      "cpu": ["wasm32"]
    },
    "@oxc-parser/binding-win32-arm64-msvc@0.121.0": {
      "integrity": "sha512-V0pxh4mql4XTt3aiEtRNUeBAUFOw5jzZNxPABLaOKAWrVzSr9+XUaB095lY7jqMf5t8vkfh8NManGB28zanYKw==",
      "os": ["win32"],
      "cpu": ["arm64"]
    },
    "@oxc-parser/binding-win32-ia32-msvc@0.121.0": {
      "integrity": "sha512-4Ob1qvYMPnlF2N9rdmKdkQFdrq16QVcQwBsO8yiPZXof0fHKFF+LmQV501XFbi7lHyrKm8rlJRfQ/M8bZZPVLw==",
      "os": ["win32"],
      "cpu": ["ia32"]
    },
    "@oxc-parser/binding-win32-x64-msvc@0.121.0": {
      "integrity": "sha512-BOp1KCzdboB1tPqoCPXgntgFs0jjeSyOXHzgxVFR7B/qfr3F8r4YDacHkTOUNXtDgM8YwKnkf3rE5gwALYX7NA==",
      "os": ["win32"],
      "cpu": ["x64"]
    },
    "@oxc-project/runtime@0.121.0": {
      "integrity": "sha512-p0bQukD8OEHxzY4T9OlANBbEFGnOnjo1CYi50HES7OD36UO2yPh6T+uOJKLtlg06eclxroipRCpQGMpeH8EJ/g=="
    },
    "@oxc-project/types@0.121.0": {
      "integrity": "sha512-CGtOARQb9tyv7ECgdAlFxi0Fv7lmzvmlm2rpD/RdijOO9rfk/JvB1CjT8EnoD+tjna/IYgKKw3IV7objRb+aYw=="
    },
    "@oxc-resolver/binding-android-arm-eabi@11.24.2": {
      "integrity": "sha512-y09e0L0SRI2OA2tUIrjBgoV3eH5hvUKXNkJqXmNo5V2WxIjyC7I7aJfRLMEVpA8yi95f90gFDvO0VMgrDw+vwA==",
      "os": ["android"],
      "cpu": ["arm"]
    },
    "@oxc-resolver/binding-android-arm64@11.24.2": {
      "integrity": "sha512-cl4icWaZFnLdg8m6qtnh5rBMuGbxc/ptStFHLeCNwr+2cZjkjNwQu/jYRS0CHlnPecOJMpuS5M6/BH+0J/YkEg==",
      "os": ["android"],
      "cpu": ["arm64"]
    },
    "@oxc-resolver/binding-darwin-arm64@11.24.2": {
      "integrity": "sha512-At29QEMF6HajbQvgY8K6OXnHD1x9rad74xBEfmCB6ZqCGsdq75aK7tOYcTbOanMy8qdIBrfL3SMr3p/lfSlb9w==",
      "os": ["darwin"],
      "cpu": ["arm64"]
    },
    "@oxc-resolver/binding-darwin-x64@11.24.2": {
      "integrity": "sha512-A5Kqr1EUj4oIL5CF4WRssq/o5P0Y11cwoFouMRmQ7YnC/A8V93nv1nb7aSU8HwcgmXropjLNkVTl4MN87cu28Q==",
      "os": ["darwin"],
      "cpu": ["x64"]
    },
    "@oxc-resolver/binding-freebsd-x64@11.24.2": {
      "integrity": "sha512-R5xkRBRRz7ceH/P5Jrc6G7FmdUdgpLYyESFAUDVTNQ9K0sGPxcp4ljiwEwEqsvNcQ4sYbMRrWcHHBCu7ksAJVw==",
      "os": ["freebsd"],
      "cpu": ["x64"]
    },
    "@oxc-resolver/binding-linux-arm-gnueabihf@11.24.2": {
      "integrity": "sha512-k/RuYL4L/R58IBn3wT5ma3Wh4k62bp1eYCFRWCmMsasUOqL+H6sW0VGFadEzKWXFFlz+2uIMoeMk9ySSZJHgbg==",
      "os": ["linux"],
      "cpu": ["arm"]
    },
    "@oxc-resolver/binding-linux-arm-musleabihf@11.24.2": {
      "integrity": "sha512-bnHAak3ujYfH5pKk4NieFNbvYvernfoQDgwLddbZ3OtMYrem87/qjlA+u+aKG0oZcqSLGCful/6/CEA+aeAgaA==",
      "os": ["linux"],
      "cpu": ["arm"]
    },
    "@oxc-resolver/binding-linux-arm64-gnu@11.24.2": {
      "integrity": "sha512-vDT3KHgzYp47gmtNOqL2VNhCyl5Zv643eyxm//A68J8DeUGXrvD1pZFiaT4jSfe+RInfnn1R2yVHye4enx6RnA==",
      "os": ["linux"],
      "cpu": ["arm64"]
    },
    "@oxc-resolver/binding-linux-arm64-musl@11.24.2": {
      "integrity": "sha512-+kMlQvbzfyEYtu5FcjE4p+ttBLpKW4d/AsAsuE69BxV6V4twZJeIQZFfD8gh/wqglY0MkPSezWXQH0jBV13MUw==",
      "os": ["linux"],
      "cpu": ["arm64"]
    },
    "@oxc-resolver/binding-linux-ppc64-gnu@11.24.2": {
      "integrity": "sha512-shjfMhmZ3gq9fv/w7bi3PnZlgOPG+2QAOFf0BJF0EgBSIGZ6PMLN2zbGEblTUYB/NKVDRyYhE2ff3dJ1QqNPkA==",
      "os": ["linux"],
      "cpu": ["ppc64"]
    },
    "@oxc-resolver/binding-linux-riscv64-gnu@11.24.2": {
      "integrity": "sha512-zGelwFR5oRo+b69k8Lrzun86DyUHzfKN6cnjbR9l7Z7NIRznOE/2ZvPa1IUKqAL2PzAXOdwkfVqNvO1H2RlpAw==",
      "os": ["linux"],
      "cpu": ["riscv64"]
    },
    "@oxc-resolver/binding-linux-riscv64-musl@11.24.2": {
      "integrity": "sha512-qxZ1SWCXJY0eyhAlP6Lmo9F2Nrtx7EkYj9oCgL8apDPCwXwCEDA2U697bbT81JIc2IrVjxO4KX6WU2N+oN9Z4w==",
      "os": ["linux"],
      "cpu": ["riscv64"]
    },
    "@oxc-resolver/binding-linux-s390x-gnu@11.24.2": {
      "integrity": "sha512-sGCecF3cx2DFlH4t/z7ApnOnXqN48p5p5mlHDEnHTAukQa2P+qMVE4CwyWE9W+q/m3QJ7kKfGrIjax31f44oFQ==",
      "os": ["linux"],
      "cpu": ["s390x"]
    },
    "@oxc-resolver/binding-linux-x64-gnu@11.24.2": {
      "integrity": "sha512-k/VlMMcSzMlahb3/fENM4rTlsJ0s3fFROA0KXPBmKggqmTSaE383sl8F3KCOXPLmVsYfW6hCitMhXCEtNeZxxg==",
      "os": ["linux"],
      "cpu": ["x64"]
    },
    "@oxc-resolver/binding-linux-x64-musl@11.24.2": {
      "integrity": "sha512-8hbnZyNi97b/8wapYaIF9+t9GmZKBW2vunaOc3h9HGJptH7b7XpvZqOTBSm/MpTjr7H497BlgOaSfLUdhmy2bw==",
      "os": ["linux"],
      "cpu": ["x64"]
    },
    "@oxc-resolver/binding-openharmony-arm64@11.24.2": {
      "integrity": "sha512-MvyGik3a6pVgZ0t/kWlbmFxFLmXQJwgLsY2eYFHLpy0wGwRbfzeIGgDwQ3kXqE30z+kSXennRkCrT7TUvkptNg==",
      "os": ["openharmony"],
      "cpu": ["arm64"]
    },
    "@oxc-resolver/binding-wasm32-wasi@11.24.2": {
      "integrity": "sha512-vHcssMPwO08RTvj/c0iOBz90attxyG3wQJ0dTcyEQK43LRpcdLWZlV5feBhv6Isn6ahbQIzHbCgfa81+RiML0Q==",
      "dependencies": [
        "@emnapi/core",
        "@emnapi/runtime",
        "@napi-rs/wasm-runtime"
      ],
      "cpu": ["wasm32"]
    },
    "@oxc-resolver/binding-win32-arm64-msvc@11.24.2": {
      "integrity": "sha512-uokJqro2iBqkFvJdKQLP7d8/BUmFwESQFVmIJUQKj1Xn1a/LysJoe1vmeECLF5b3jsV8CAL5sEMJXX6SdK9Nhg==",
      "os": ["win32"],
      "cpu": ["arm64"]
    },
    "@oxc-resolver/binding-win32-x64-msvc@11.24.2": {
      "integrity": "sha512-UqGPmo56KDfLlfXFAFIrNflHT8tFxWGEivWg3Zeyp4Uy2NlKN1FGPr6/BxcLGG3+kZ6Wp14g5Uj+n71boqZfiw==",
      "os": ["win32"],
      "cpu": ["x64"]
    },
    "@oxc-transform/binding-android-arm-eabi@0.121.0": {
      "integrity": "sha512-NNYkyDjTID7oVW0LUZ04kDShtyY6hgsTakd2u3mz/hN765JviCuyBIi5qT9dDOmgX0t1y74nuS7FwiLgaCcZ4g==",
      "os": ["android"],
      "cpu": ["arm"]
    },
    "@oxc-transform/binding-android-arm64@0.121.0": {
      "integrity": "sha512-zO5az3E5JUmF/k7xOOL9TCipqaVn/d8QHK5T8/bcw6qTWAPVFJjQRK8+5MSmp2ItO2Dmxed5DdWMSxG2NNfA5w==",
      "os": ["android"],
      "cpu": ["arm64"]
    },
    "@oxc-transform/binding-darwin-arm64@0.121.0": {
      "integrity": "sha512-3vcZdmL8OAdYzXfPDeXrO9KagTgUbXPSFXotoww9N0jVNbdCvSpKJHia1aqdltyevrCWF4KqJyOeeUfGcw7AJw==",
      "os": ["darwin"],
      "cpu": ["arm64"]
    },
    "@oxc-transform/binding-darwin-x64@0.121.0": {
      "integrity": "sha512-R63ZXF4Fuer3FEZYX9UmzIKAENSEYQZTglTkzWoyNPyuHDhSfyJIK+X+wgy2Wc1lTad1XquCUq5SDuRSd37fcQ==",
      "os": ["darwin"],
      "cpu": ["x64"]
    },
    "@oxc-transform/binding-freebsd-x64@0.121.0": {
      "integrity": "sha512-0krk8L6iOJ6fobs3f9XHo4RSgEas0yLq9/xGZMuwxFs+rI/rnpYPX+1LLSmreHqeZM77a7r+UF12WjwI1odVUA==",
      "os": ["freebsd"],
      "cpu": ["x64"]
    },
    "@oxc-transform/binding-linux-arm-gnueabihf@0.121.0": {
      "integrity": "sha512-cNkTaw77UaNiGOCIv2R1kHZ3OkTVlr/059agLCUaeQmZGl76Ad7DrDcDyhC0Iugw0jEdWZ9zeUS5VLmzblnTXQ==",
      "os": ["linux"],
      "cpu": ["arm"]
    },
    "@oxc-transform/binding-linux-arm-musleabihf@0.121.0": {
      "integrity": "sha512-eDwTIN0UUCQePgFR41doxorzsxoMoUTbXo6bEbvdFH7P4ZoaUXgHYN10Qjd9K6k0x/bBnU6oC4YPSWYKvQDr9Q==",
      "os": ["linux"],
      "cpu": ["arm"]
    },
    "@oxc-transform/binding-linux-arm64-gnu@0.121.0": {
      "integrity": "sha512-UthSp+L23xeV0lIVloiRDU1d3aOvq0KRif3s6vszeSGnWf69+EVcZcondqLuX9optUhKV0/L8xwe2wLr9WkaDA==",
      "os": ["linux"],
      "cpu": ["arm64"]
    },
    "@oxc-transform/binding-linux-arm64-musl@0.121.0": {
      "integrity": "sha512-J5vKUF8Jml1m9Fl48fKp2/wPl8LhGdjJWZ3PrrT+S16SbW7yEKixq5upzO2arhrky5elRYMXWwfi60ex1tBi6g==",
      "os": ["linux"],
      "cpu": ["arm64"]
    },
    "@oxc-transform/binding-linux-ppc64-gnu@0.121.0": {
      "integrity": "sha512-ya+/TL/YH/VcfWeRs95pMIgEj1eQgKg3kR/9AkQgSi8i9jIDEXrgrcQ8cwRYSZ3THlT6cxe3KGJa6vwcHG6JEg==",
      "os": ["linux"],
      "cpu": ["ppc64"]
    },
    "@oxc-transform/binding-linux-riscv64-gnu@0.121.0": {
      "integrity": "sha512-XhUBS/6bxL3maLMvkyY5jM23jFCORl+noYc7KkMydpb0Ot08XSu+8c2o7QpGVHWf85eTH/1Tx0aOTrcWek7EAw==",
      "os": ["linux"],
      "cpu": ["riscv64"]
    },
    "@oxc-transform/binding-linux-riscv64-musl@0.121.0": {
      "integrity": "sha512-kAcZZrU2Wxopcpt38D1u5OeLUwV78EXyOu3VfFNkP/vrMiKB4Tbca8ZxBq+XTkpijuKE4DdCQaLZylsFj7L00w==",
      "os": ["linux"],
      "cpu": ["riscv64"]
    },
    "@oxc-transform/binding-linux-s390x-gnu@0.121.0": {
      "integrity": "sha512-jHyHS+NwPAlUEuY6BzFBDoT4LfSBEW/Ne2FeMzdK8LXOvgHFrJiBf6x8FgekatrTGrDpy1hLiACNnPA81Hs2pQ==",
      "os": ["linux"],
      "cpu": ["s390x"]
    },
    "@oxc-transform/binding-linux-x64-gnu@0.121.0": {
      "integrity": "sha512-KedV2jkFxeMvUqfh6SgXjCnO5SBZ+SorTUxSBeql7zp59ONZgAcehWAqDX+YWsK8wEpt23Q8ydC/0d6ebJIAzQ==",
      "os": ["linux"],
      "cpu": ["x64"]
    },
    "@oxc-transform/binding-linux-x64-musl@0.121.0": {
      "integrity": "sha512-jFAZwvgjsswiHET2xxxNvxhKCI74yVmewl0F00i3vzt9C088ZVaUvvWlqDS1GRvD4ORBmpJWOYkHdscpIJijEA==",
      "os": ["linux"],
      "cpu": ["x64"]
    },
    "@oxc-transform/binding-openharmony-arm64@0.121.0": {
      "integrity": "sha512-xn9nxaq31f19PUyGh1xKMOSs8MVPImeaESWNOHtAIznckE+qa5/oHtYALzF3z8uvy1EC/eZODWcHrsYOVNaWug==",
      "os": ["openharmony"],
      "cpu": ["arm64"]
    },
    "@oxc-transform/binding-wasm32-wasi@0.121.0_@emnapi+core@1.11.2_@emnapi+runtime@1.11.2": {
      "integrity": "sha512-7lj6FBMX8zLfTqIY4YHHTE/b6oyCzZaUwqi2n9KX4FkgjtBpfmq5KSUgi/I+YiE7JJHu1g8Bd3uWJq1lbehL8Q==",
      "dependencies": [
        "@napi-rs/wasm-runtime"
      ],
      "cpu": ["wasm32"]
    },
    "@oxc-transform/binding-win32-arm64-msvc@0.121.0": {
      "integrity": "sha512-+ve3UajNq2ldcCEEmpMVn7Ic3v/qCykPTSx3lZfe0iCW6tisIWvkYiXpf6B5dvwSY7SDyrdt9EyPMS75b41iPA==",
      "os": ["win32"],
      "cpu": ["arm64"]
    },
    "@oxc-transform/binding-win32-ia32-msvc@0.121.0": {
      "integrity": "sha512-9ZUHa4bXWlPRLzbjYsU3VBSvqwSVHAknQlN+nUO1DVu6j958Ui9ux0I9pZHwxb07I26VMdDhd7AjJyz1ZtZlkg==",
      "os": ["win32"],
      "cpu": ["ia32"]
    },
    "@oxc-transform/binding-win32-x64-msvc@0.121.0": {
      "integrity": "sha512-vV/rzJsmJeeXI1q/xuy93PnoL/IYMwCCyYMX9MmIgMx2a4Lu3vIjUNBLJx1R5CqP/NnvAelsuz05sKlO017FmQ==",
      "os": ["win32"],
      "cpu": ["x64"]
    },
    "@remix-run/assets@0.7.1_@emnapi+core@1.11.2_@emnapi+runtime@1.11.2": {
      "integrity": "sha512-DzKt33VzM/ARaYD32vku98cX+OHzKB+uWvfV1JqXX+spQuehAPRyn2rk9eaqxX+svGy8KZ6pJZdOSq6Hn8Rgvg==",
      "dependencies": [
        "@oxc-project/runtime",
        "@remix-run/file-storage",
        "@remix-run/headers",
        "@remix-run/mime",
        "chokidar",
        "es-module-lexer",
        "get-tsconfig",
        "lightningcss",
        "magic-string",
        "oxc-minify",
        "oxc-parser",
        "oxc-resolver",
        "oxc-transform",
        "picomatch",
        "source-map-js"
      ]
    },
    "@remix-run/cookie@0.7.0": {
      "integrity": "sha512-j49KZ4pK7HoLorl3OrS7RHVgKIwf/HPndJSzVGQd2VbbdOq8f//dIYs0nKsZ9CSll5p2r3g7/N2ivxnUDYPBCA==",
      "dependencies": [
        "@remix-run/headers"
      ]
    },
    "@remix-run/data-table@0.6.0": {
      "integrity": "sha512-rVF3dg+t6DtQ1W+yRcuuTb6g7TA9qqw5/++ztAK7CFviG0H+1LZnoOQeUonDApXaU9eevCvrZwDrLgb5Gb1p+Q=="
    },
    "@remix-run/fetch-router@0.22.1": {
      "integrity": "sha512-pe0FcjhOU+ChzpRWQnMde9UPCrLWDbrHv3/mubcpf3fM3jFP95aS/C0ZqzPhbgHUf2iVu6R2XnCtRAgXTxMFIQ==",
      "dependencies": [
        "@remix-run/route-pattern"
      ]
    },
    "@remix-run/file-storage@0.13.7": {
      "integrity": "sha512-7tDgyzs1v0dQgfMt+lpbIzEVkrgrcKJLGbBeXrpJITuCeWoc0XgFfDTp6gghS3s8aWQTm5XHbgnldLoQCEU9Mw==",
      "dependencies": [
        "@remix-run/fs",
        "@remix-run/lazy-file"
      ]
    },
    "@remix-run/fs@0.4.6": {
      "integrity": "sha512-xxvixX/WyufRr6YrjPLGXvyE5Lzb5G/Y4tygk6McJ6nr59f3hO9w3aVc/lvsVPD7liYfM1EyMnmd4qIByJq9bg==",
      "dependencies": [
        "@remix-run/lazy-file",
        "@remix-run/mime"
      ]
    },
    "@remix-run/headers@0.21.2": {
      "integrity": "sha512-M5KagifodhXZglUiYjf16TrqxYce8N7h3pKt7FUX47Vgy7mYG7PSrGN7HtJg7VX7HbOhY3bd2CuRwOojwnNDHg=="
    },
    "@remix-run/html-template@0.3.1": {
      "integrity": "sha512-4yhaBtfh1iVC1razTr+ehu1xmKia0zvE4GWQ6JF2IRiA3kmw+DlrdNFEFqx5Wn1eXAM0vxxcJLdLD7e0XMzH5A=="
    },
    "@remix-run/lazy-file@5.0.6": {
      "integrity": "sha512-jIeeqkqR+AgTEKls5WMPbiGyXhrkAJugN4ot/K9X74CLzO9uMbcFDKef7CWCfjN1s+551u+5LxNWLJx1nztuVg==",
      "dependencies": [
        "@remix-run/mime"
      ]
    },
    "@remix-run/mime@0.4.2": {
      "integrity": "sha512-KpZZxBYIrLsvUtt2ZdwK+E2ClVmyvW11Nej6fPgwJpohBMpbCHtR78wtCTv0vqvK5ckLZ7ks2q4pV5dMYFypiA=="
    },
    "@remix-run/render-middleware@0.3.1_@emnapi+core@1.11.2_@emnapi+runtime@1.11.2": {
      "integrity": "sha512-2BatZSA8U41NV8jTZlIrrlc2mpgnpnH6B2dbtIvR1XWwTru42uWPuTk644/sUAjgJ/NbCJGEUn3xRmRMpr/FRA==",
      "dependencies": [
        "@remix-run/assets",
        "@remix-run/fetch-router",
        "@remix-run/response",
        "@remix-run/ui"
      ]
    },
    "@remix-run/response@0.3.9": {
      "integrity": "sha512-ioK66VAi6W7cDsWgy1q3MiiQvtUhTRlIuywGhhWvkAX2YdsiaxFgWshbvTar0O5XF/0SI0+LVioDbBaOdI9S1A==",
      "dependencies": [
        "@remix-run/headers",
        "@remix-run/html-template",
        "@remix-run/mime"
      ]
    },
    "@remix-run/route-pattern@0.24.1": {
      "integrity": "sha512-HRee7tz2Ct7QdTQGDErHcVTAlXa5BBV6GOLEa/INw21ceTWTWlaU13FJupYVX0k1mh608rod880+SA5NlTPPfw=="
    },
    "@remix-run/ui@0.10.0": {
      "integrity": "sha512-mdrreloyguRGQFj2Cl5go8HAGlsTVi8CllxR2NDOKunACUw5ywhJ4GB/1FT5fuyHzrBv++lbgaDpcDQQPgFqUw==",
      "dependencies": [
        "@types/dom-navigation"
      ]
    },
    "@tybys/wasm-util@0.10.4": {
      "integrity": "sha512-W3c4gRigFS0T/Ma4qIYF3GDAc5AQdHb1yL5znJT1Zv1YaD9Kitx656wBjvr19qbiosmZT8lWDM5BEMynUqX65A==",
      "dependencies": [
        "tslib"
      ]
    },
    "@types/dom-navigation@1.0.7": {
      "integrity": "sha512-Di4W+i2faYquHUnyWUg3bBQp5pTNvjDDA7mIYfD/1WlLgan6sKkeVjGbdL78K0CuNEk5Pfc/c0rfelwkz10mnQ=="
    },
    "@types/node@26.6.2": {
      "integrity": "sha512-X1P21scMv4zGKLYqjdGjaKa7COa0RKVYYZZN/NfvLQ1JegxFhdhpZG/Lyn8AXx6CDUavKAd11v6BvfpkDByK8g==",
      "dependencies": [
        "undici-types"
      ]
    },
    "@types/ws@8.18.1": {
      "integrity": "sha512-ThVF6DCVhA8kUGy+aazFQ4kXQ7E1Ty7A3ypFOe0IcJV8O/M511G99AW24irKrW56Wt44yG9+ij8FaqoBGkuBXg==",
      "dependencies": [
        "@types/node"
      ]
    },
    "@webgpu/types@0.1.21": {
      "integrity": "sha512-pUrWq3V5PiSGFLeLxoGqReTZmiiXwY3jRkIG5sLLKjyqNxrwm/04b4nw7LSmGWJcKk59XOM/YRTUwOzo4MMlow=="
    },
    "canvaskit-wasm@0.40.0": {
      "integrity": "sha512-Od2o+ZmoEw9PBdN/yCGvzfu0WVqlufBPEWNG452wY7E9aT8RBE+ChpZF526doOlg7zumO4iCS+RAeht4P0Gbpw==",
      "dependencies": [
        "@webgpu/types"
      ]
    },
    "chokidar@5.0.0": {
      "integrity": "sha512-TQMmc3w+5AxjpL8iIiwebF73dRDF4fBIieAqGn9RGCWaEVwQ6Fb2cGe31Yns0RRIzii5goJ1Y7xbMwo1TxMplw==",
      "dependencies": [
        "readdirp"
      ]
    },
    "cjs-module-lexer@2.2.1": {
      "integrity": "sha512-Ca8swihM+/4yKecYHY52kgJd300hi2lADU/a1RxNTRe+RJ9jvqQlESpbz9DnG9mowez8qwXHB8qYdIUw9e+F5Q=="
    },
    "detect-libc@2.0.2": {
      "integrity": "sha512-UX6sGumvvqSaXgdKGUsgZWqcUyIXZ/vZTrlRT/iobiKhGL0zL4d3osHj3uqllWJK+i+sixDS/3COVEOFbupFyw=="
    },
    "detect-libc@2.1.2": {
      "integrity": "sha512-Btj2BOOO83o3WyH59e8MgXsxEQVcarkUOpEYrubB0urwnN10yQ364rsiByU11nZlqWYZm05i/of7io4mzihBtQ=="
    },
    "es-module-lexer@2.3.2": {
      "integrity": "sha512-poHGpORABojJJucnV9KbOavETW8lBVnphkW77ER5/BQ5Fz7oXSoCNek7IH3vR5nRjdsEz926ibFYX8KtLQmdyw=="
    },
    "get-tsconfig@4.14.3": {
      "integrity": "sha512-++QEw4DIY7WGoukz+/+A/8dGYPT9l9yIadnmSgZ8Rjr3YVSVDipQSO9CdnJo9ePqFqUUqh+wk9uIaoiAwsiPkA==",
      "dependencies": [
        "resolve-pkg-maps"
      ]
    },
    "js-base64@3.9.4": {
      "integrity": "sha512-PtOMXpEGuP0RRiRXsjzHzl44dMHxSu2CPvAhinupR1tBa88me+1DPqsobl7eupn5UukjLkln1ZnAOAOXOrYG0Q=="
    },
    "libsql@0.5.29": {
      "integrity": "sha512-8lMP8iMgiBzzoNbAPQ59qdVcj6UaE/Vnm+fiwX4doX4Narook0a4GPKWBEv+CR8a1OwbfkgL18uBfBjWdF0Fzg==",
      "dependencies": [
        "@neon-rs/load",
        "detect-libc@2.0.2"
      ],
      "optionalDependencies": [
        "@libsql/darwin-arm64",
        "@libsql/darwin-x64",
        "@libsql/linux-arm-gnueabihf",
        "@libsql/linux-arm-musleabihf",
        "@libsql/linux-arm64-gnu",
        "@libsql/linux-arm64-musl",
        "@libsql/linux-x64-gnu",
        "@libsql/linux-x64-musl",
        "@libsql/win32-x64-msvc"
      ],
      "os": ["darwin", "linux", "win32"],
      "cpu": ["x64", "arm64", "wasm32", "arm"]
    },
    "lightningcss-android-arm64@1.33.0": {
      "integrity": "sha512-gEpRTalKdosp4Bb8qWtc2iOgE5SeIHlpS1up9bFq2wAyYhl1UdTObYiHe98zEM9SQvSoqQZ1IQD0JNpg3Ml5pg==",
      "os": ["android"],
      "cpu": ["arm64"]
    },
    "lightningcss-darwin-arm64@1.33.0": {
      "integrity": "sha512-Sciaz8eenNTKn9b3t7+xr0ipTp9YxKQY4npwQ3mrRuL0BAVHBLyZxofhaKBAVtzmtRZ/zTyo0/to4B1uWG/Djg==",
      "os": ["darwin"],
      "cpu": ["arm64"]
    },
    "lightningcss-darwin-x64@1.33.0": {
      "integrity": "sha512-Z5UPAxzrjlWNNyGy6i65cJzzvgJ5D3T6wMvs+gWpY9d7qRhANrxqAp6LhxIgZhWEw18RfJTGcRxjuLIBr+m8XQ==",
      "os": ["darwin"],
      "cpu": ["x64"]
    },
    "lightningcss-freebsd-x64@1.33.0": {
      "integrity": "sha512-QQM/Ti/hQajJwCY+RiWuCZ9sdtI/XQk7nDK5vC8kkdwixezOlDgvDx7+RT+QjK6FcFT4MpsuoBnHIo/O3StRRg==",
      "os": ["freebsd"],
      "cpu": ["x64"]
    },
    "lightningcss-linux-arm-gnueabihf@1.33.0": {
      "integrity": "sha512-N7FVBe6iS24MlM6R/4RBTxGhQheZGs7tiQ9U32UtF75NzP5Q7xWPRqLBCKxlRQRk3rY1jCIPLzx7WzOhuUIRLQ==",
      "os": ["linux"],
      "cpu": ["arm"]
    },
    "lightningcss-linux-arm64-gnu@1.33.0": {
      "integrity": "sha512-j2v/itmy4HlNxlc6voKXYgBqNi0Ng2LShg4z7GufpEgs05P+2suBVyi9I6YHq5uoVFx9ETin3eCEhLVyXGQnKg==",
      "os": ["linux"],
      "cpu": ["arm64"]
    },
    "lightningcss-linux-arm64-musl@1.33.0": {
      "integrity": "sha512-yiO5ROMuYQgXbC60yjZU5CYSFZGKXL0HFATXt9mHJn1+zW55oCtMI9NfcVhYLMFDL7gV7oBPon/EmMMGg2OvtQ==",
      "os": ["linux"],
      "cpu": ["arm64"]
    },
    "lightningcss-linux-x64-gnu@1.33.0": {
      "integrity": "sha512-ar+Ju7LmcN0Jo4FpL4hpFybwNG9/3A/Br5KW2n2jyODg3MEZXaDYADdemoNS+BDNfMgKvylJLj4S5tyRActuAg==",
      "os": ["linux"],
      "cpu": ["x64"]
    },
    "lightningcss-linux-x64-musl@1.33.0": {
      "integrity": "sha512-RYiYbkokw0trfKqqzfF55lginwEPrD3OJDfTuJzFs1MK6iFnDenaz1fqLLtX4ITG3OktJQXOeTaw1awrBAlZPw==",
      "os": ["linux"],
      "cpu": ["x64"]
    },
    "lightningcss-win32-arm64-msvc@1.33.0": {
      "integrity": "sha512-1K+MPfLSFVpphzpdbfkhlWk6wBrTObBzS2T6db10PNOZgR9GoVsAWzwNyuhUYYbTp23j+4RrncfujZ4uAzXvwA==",
      "os": ["win32"],
      "cpu": ["arm64"]
    },
    "lightningcss-win32-x64-msvc@1.33.0": {
      "integrity": "sha512-OlEICDx/Xl0FqSp4bry8zFnCvGpig3Gl4gCquvYwHuqJKEC1+n9NgDniFvqHGmMv1ZkqDJrDqKKSykTDX+ehuA==",
      "os": ["win32"],
      "cpu": ["x64"]
    },
    "lightningcss@1.33.0": {
      "integrity": "sha512-WkUDrojuJs0xkgGf2udWxa3yGBRxPtxUkB79i6aCZLRgc7PM8fZe9TosfPDcvEpQZbuFASnHYmRLBLUbmLOIIA==",
      "dependencies": [
        "detect-libc@2.1.2"
      ],
      "optionalDependencies": [
        "lightningcss-android-arm64",
        "lightningcss-darwin-arm64",
        "lightningcss-darwin-x64",
        "lightningcss-freebsd-x64",
        "lightningcss-linux-arm-gnueabihf",
        "lightningcss-linux-arm64-gnu",
        "lightningcss-linux-arm64-musl",
        "lightningcss-linux-x64-gnu",
        "lightningcss-linux-x64-musl",
        "lightningcss-win32-arm64-msvc",
        "lightningcss-win32-x64-msvc"
      ]
    },
    "magic-string@0.30.21": {
      "integrity": "sha512-vd2F4YUyEXKGcLHoq+TEyCjxueSeHnFxyyjNp80yg0XV4vUhnDer/lvvlqM/arB5bXQN5K2/3oinyCRyx8T2CQ==",
      "dependencies": [
        "@jridgewell/sourcemap-codec"
      ]
    },
    "oxc-minify@0.121.0_@emnapi+core@1.11.2_@emnapi+runtime@1.11.2": {
      "integrity": "sha512-XziD0au8etayM2zJnqcSiW+Pn3hEpqHsbwfL7G4Ej0SwqfvbIjiEF1/uNqONuHl0n9LkLI1ez378vSWZRJZWAQ==",
      "optionalDependencies": [
        "@oxc-minify/binding-android-arm-eabi",
        "@oxc-minify/binding-android-arm64",
        "@oxc-minify/binding-darwin-arm64",
        "@oxc-minify/binding-darwin-x64",
        "@oxc-minify/binding-freebsd-x64",
        "@oxc-minify/binding-linux-arm-gnueabihf",
        "@oxc-minify/binding-linux-arm-musleabihf",
        "@oxc-minify/binding-linux-arm64-gnu",
        "@oxc-minify/binding-linux-arm64-musl",
        "@oxc-minify/binding-linux-ppc64-gnu",
        "@oxc-minify/binding-linux-riscv64-gnu",
        "@oxc-minify/binding-linux-riscv64-musl",
        "@oxc-minify/binding-linux-s390x-gnu",
        "@oxc-minify/binding-linux-x64-gnu",
        "@oxc-minify/binding-linux-x64-musl",
        "@oxc-minify/binding-openharmony-arm64",
        "@oxc-minify/binding-wasm32-wasi",
        "@oxc-minify/binding-win32-arm64-msvc",
        "@oxc-minify/binding-win32-ia32-msvc",
        "@oxc-minify/binding-win32-x64-msvc"
      ]
    },
    "oxc-parser@0.121.0_@emnapi+core@1.11.2_@emnapi+runtime@1.11.2": {
      "integrity": "sha512-ek9o58+SCv6AV7nchiAcUJy1DNE2CC5WRdBcO0mF+W4oRjNQfPO7b3pLjTHSFECpHkKGOZSQxx3hk8viIL5YCg==",
      "dependencies": [
        "@oxc-project/types"
      ],
      "optionalDependencies": [
        "@oxc-parser/binding-android-arm-eabi",
        "@oxc-parser/binding-android-arm64",
        "@oxc-parser/binding-darwin-arm64",
        "@oxc-parser/binding-darwin-x64",
        "@oxc-parser/binding-freebsd-x64",
        "@oxc-parser/binding-linux-arm-gnueabihf",
        "@oxc-parser/binding-linux-arm-musleabihf",
        "@oxc-parser/binding-linux-arm64-gnu",
        "@oxc-parser/binding-linux-arm64-musl",
        "@oxc-parser/binding-linux-ppc64-gnu",
        "@oxc-parser/binding-linux-riscv64-gnu",
        "@oxc-parser/binding-linux-riscv64-musl",
        "@oxc-parser/binding-linux-s390x-gnu",
        "@oxc-parser/binding-linux-x64-gnu",
        "@oxc-parser/binding-linux-x64-musl",
        "@oxc-parser/binding-openharmony-arm64",
        "@oxc-parser/binding-wasm32-wasi",
        "@oxc-parser/binding-win32-arm64-msvc",
        "@oxc-parser/binding-win32-ia32-msvc",
        "@oxc-parser/binding-win32-x64-msvc"
      ]
    },
    "oxc-resolver@11.24.2": {
      "integrity": "sha512-FY91FiDBj7ls5MsFS9jN3tjz2o0/zsdSsymlakySaBwVJZorHhkWyICLZMKxlu1R9vYo+sd3z1jwb4J8x7bNDw==",
      "optionalDependencies": [
        "@oxc-resolver/binding-android-arm-eabi",
        "@oxc-resolver/binding-android-arm64",
        "@oxc-resolver/binding-darwin-arm64",
        "@oxc-resolver/binding-darwin-x64",
        "@oxc-resolver/binding-freebsd-x64",
        "@oxc-resolver/binding-linux-arm-gnueabihf",
        "@oxc-resolver/binding-linux-arm-musleabihf",
        "@oxc-resolver/binding-linux-arm64-gnu",
        "@oxc-resolver/binding-linux-arm64-musl",
        "@oxc-resolver/binding-linux-ppc64-gnu",
        "@oxc-resolver/binding-linux-riscv64-gnu",
        "@oxc-resolver/binding-linux-riscv64-musl",
        "@oxc-resolver/binding-linux-s390x-gnu",
        "@oxc-resolver/binding-linux-x64-gnu",
        "@oxc-resolver/binding-linux-x64-musl",
        "@oxc-resolver/binding-openharmony-arm64",
        "@oxc-resolver/binding-wasm32-wasi",
        "@oxc-resolver/binding-win32-arm64-msvc",
        "@oxc-resolver/binding-win32-x64-msvc"
      ]
    },
    "oxc-transform@0.121.0_@emnapi+core@1.11.2_@emnapi+runtime@1.11.2": {
      "integrity": "sha512-Kf243wJU/vWF/ThV+ZyfLMQIrViVFRSyYO7UPKpZMMPGGMzxxcHgsNGWy0Uy+pcXD78+jdUnxVTR9rYT73Qw3A==",
      "optionalDependencies": [
        "@oxc-transform/binding-android-arm-eabi",
        "@oxc-transform/binding-android-arm64",
        "@oxc-transform/binding-darwin-arm64",
        "@oxc-transform/binding-darwin-x64",
        "@oxc-transform/binding-freebsd-x64",
        "@oxc-transform/binding-linux-arm-gnueabihf",
        "@oxc-transform/binding-linux-arm-musleabihf",
        "@oxc-transform/binding-linux-arm64-gnu",
        "@oxc-transform/binding-linux-arm64-musl",
        "@oxc-transform/binding-linux-ppc64-gnu",
        "@oxc-transform/binding-linux-riscv64-gnu",
        "@oxc-transform/binding-linux-riscv64-musl",
        "@oxc-transform/binding-linux-s390x-gnu",
        "@oxc-transform/binding-linux-x64-gnu",
        "@oxc-transform/binding-linux-x64-musl",
        "@oxc-transform/binding-openharmony-arm64",
        "@oxc-transform/binding-wasm32-wasi",
        "@oxc-transform/binding-win32-arm64-msvc",
        "@oxc-transform/binding-win32-ia32-msvc",
        "@oxc-transform/binding-win32-x64-msvc"
      ]
    },
    "picomatch@4.0.7": {
      "integrity": "sha512-qcJu88Q2IWqJsDD529JKMdwGm/dvInW4HvQnRwiH9JtihJvzGOscDtHE3x1pBKeUOTysQ8kVmLnJ2kJu7yhcGA=="
    },
    "promise-limit@2.7.0": {
      "integrity": "sha512-7nJ6v5lnJsXwGprnGXga4wx6d1POjvi5Qmf1ivTRxTjH4Z/9Czja/UCMLVmB9N93GeWOU93XaFaEt6jbuoagNw=="
    },
    "readdirp@5.1.1": {
      "integrity": "sha512-Kko+Y5XQ6fM+Ce3dq3m9YGxnacYZYl9cA1wZjaF3Vbry2L3i1qVg8+CAgNPsXRArPMUMCaOR7oa9Nqntc43JKA=="
    },
    "resolve-pkg-maps@1.0.0": {
      "integrity": "sha512-seS2Tj26TBVOC2NIc2rOe2y2ZO7efxITtLZcGSOnHHNOQ7CkiUBfw0Iw2ck6xkIhPwLhKNLS8BO+hEpngQlqzw=="
    },
    "source-map-js@1.2.1": {
      "integrity": "sha512-UXWMKhLOwVKb728IUtQPXxfYU+usdybtUrK/8uGE8CQMvrhOpwvzDBwj0QhSL7MQc7vIsISBG8VQ8+IDQxpfQA=="
    },
    "tslib@2.8.1": {
      "integrity": "sha512-oJFu94HQb+KVduSUQL7wnpmqnfmLsOA/nAh6b6EH0wCEoK0/mPeXU6c3wKDV83MkOuHPRHtSXKKU99IBazS/2w=="
    },
    "undici-types@8.9.0": {
      "integrity": "sha512-KTDyRTYX8sWmKXAikPHHSyc63CRPETMctyjKFupcC6OBLXT3xsN0e9aF7m+mIXutFWpUXuedtowG7iLOzp0kQg=="
    },
    "ws@8.21.3": {
      "integrity": "sha512-201TZ/kPWxoPr/OKWjquZR1SWKXcvxdH+e1xrx89b3YbmzLMFCLfnaG1HFIgWzJOEWZ7MvpK++odZufgYR50Rw=="
    }
  },
  "workspace": {
    "dependencies": [
      "jsr:@kuboon/browser-how-to@0.1",
      "jsr:@kuboon/dpop@0.2",
      "jsr:@panva/jose@^6.2.3",
      "jsr:@remix-kbn/assets-deno@0.8",
      "jsr:@remix-kbn/data-table-sqlite-turso@0.5",
      "jsr:@std/assert@^1.0.19",
      "npm:@libsql/client@~0.17.4",
      "npm:@remix-run/cookie@0.7",
      "npm:@remix-run/data-table@0.6",
      "npm:@remix-run/fetch-router@~0.22.1",
      "npm:@remix-run/render-middleware@~0.3.1",
      "npm:@remix-run/ui@0.10",
      "npm:canvaskit-wasm@0.40"
    ]
  }
}
